
Microsoft Visual Studio Solution File, Format Version 12.00
# Visual Studio Version 16
VisualStudioVersion = 16.0.31129.286
MinimumVisualStudioVersion = 10.0.40219.1
Project("{FAE04EC0-301F-11D3-BF4B-00C04F79EFBC}") = "WPF-Explorer-Tree-MVVM", "WPF-Explorer-Tree-MVVM\WPF-Explorer-Tree-MVVM.csproj", "{147AD473-3405-4EC3-9A82-D114EE71C2F2}"
EndProject
Global
	GlobalSection(SolutionConfigurationPlatforms) = preSolution
		Debug|Any CPU = Debug|Any CPU
		Release|Any CPU = Release|Any CPU
	EndGlobalSection
	GlobalSection(ProjectConfigurationPlatforms) = postSolution
		{147AD473-3405-4EC3-9A82-D114EE71C2F2}.Debug|Any CPU.ActiveCfg = Debug|Any CPU
		{147AD473-3405-4EC3-9A82-D114EE71C2F2}.Debug|Any CPU.Build.0 = Debug|Any CPU
		{147AD473-3405-4EC3-9A82-D114EE71C2F2}.Release|Any CPU.ActiveCfg = Release|Any CPU
		{147AD473-3405-4EC3-9A82-D114EE71C2F2}.Release|Any CPU.Build.0 = Release|Any CPU
	EndGlobalSection
	GlobalSection(SolutionProperties) = preSolution
		HideSolutionNode = FALSE
	EndGlobalSection
	GlobalSection(ExtensibilityGlobals) = postSolution
		SolutionGuid = {1BC69E29-797B-49C8-AE01-F04E3B4791AD}
	EndGlobalSection
EndGlobal
